
Microsoft Visual Studio Solution File, Format Version 12.00
# Visual Studio 15
VisualStudioVersion = 15.0.28307.1267
MinimumVisualStudioVersion = 10.0.40219.1
Project("{FAE04EC0-301F-11D3-BF4B-00C04F79EFBC}") = "DepthChart", "DepthChart\DepthChart.csproj", "{5361B88B-308D-4A80-9D06-242013EBA988}"
EndProject
Project("{FAE04EC0-301F-11D3-BF4B-00C04F79EFBC}") = "DepthChart.Tests", "DepthChart.Tests\DepthChart.Tests.csproj", "{81098A4E-0651-4EBB-8574-D31464814277}"
EndProject
Global
	GlobalSection(SolutionConfigurationPlatforms) = preSolution
		Debug|Any CPU = Debug|Any CPU
		Release|Any CPU = Release|Any CPU
	EndGlobalSection
	GlobalSection(ProjectConfigurationPlatforms) = postSolution
		{5361B88B-308D-4A80-9D06-242013EBA988}.Debug|Any CPU.ActiveCfg = Debug|Any CPU
		{5361B88B-308D-4A80-9D06-242013EBA988}.Debug|Any CPU.Build.0 = Debug|Any CPU
		{5361B88B-308D-4A80-9D06-242013EBA988}.Release|Any CPU.ActiveCfg = Release|Any CPU
		{5361B88B-308D-4A80-9D06-242013EBA988}.Release|Any CPU.Build.0 = Release|Any CPU
		{81098A4E-0651-4EBB-8574-D31464814277}.Debug|Any CPU.ActiveCfg = Debug|Any CPU
		{81098A4E-0651-4EBB-8574-D31464814277}.Debug|Any CPU.Build.0 = Debug|Any CPU
		{81098A4E-0651-4EBB-8574-D31464814277}.Release|Any CPU.ActiveCfg = Release|Any CPU
		{81098A4E-0651-4EBB-8574-D31464814277}.Release|Any CPU.Build.0 = Release|Any CPU
	EndGlobalSection
	GlobalSection(SolutionProperties) = preSolution
		HideSolutionNode = FALSE
	EndGlobalSection
	GlobalSection(ExtensibilityGlobals) = postSolution
		SolutionGuid = {1049E35B-F0F5-45D1-AD98-E04CFD1780EC}
	EndGlobalSection
EndGlobal
